
Microsoft Visual Studio Solution File, Format Version 12.00
# Visual Studio 14
VisualStudioVersion = 14.0.24720.0
MinimumVisualStudioVersion = 10.0.40219.1
Project("{FAE04EC0-301F-11D3-BF4B-00C04F79EFBC}") = "CYaPass", "CYaPass\CYaPass.csproj", "{FEA8EA2B-B6B8-4495-8716-1F327D6FD9DB}"
EndProject
Global
	GlobalSection(SolutionConfigurationPlatforms) = preSolution
		Debug|Any CPU = Debug|Any CPU
		Release|Any CPU = Release|Any CPU
	EndGlobalSection
	GlobalSection(ProjectConfigurationPlatforms) = postSolution
		{FEA8EA2B-B6B8-4495-8716-1F327D6FD9DB}.Debug|Any CPU.ActiveCfg = Debug|Any CPU
		{FEA8EA2B-B6B8-4495-8716-1F327D6FD9DB}.Debug|Any CPU.Build.0 = Debug|Any CPU
		{FEA8EA2B-B6B8-4495-8716-1F327D6FD9DB}.Release|Any CPU.ActiveCfg = Release|Any CPU
		{FEA8EA2B-B6B8-4495-8716-1F327D6FD9DB}.Release|Any CPU.Build.0 = Release|Any CPU
	EndGlobalSection
	GlobalSection(SolutionProperties) = preSolution
		HideSolutionNode = FALSE
	EndGlobalSection
EndGlobal
